{
  "version": 4,
  "terraform_version": "1.0.8",
  "serial": 11,
  "lineage": "bc3e9e98-4c18-c8c5-06dc-6a50d17d7ceb",
  "outputs": {
    "connection_string": {
      "value": "mongodb+srv://demo-user:uRhiwU5erBq4wACN@locust-cluster-pl-0.dmnfx.mongodb.net/?retryWrites=true\u0026w=majority",
      "type": "string"
    },
    "locust_UI": {
      "value": "ec2-3-67-134-238.eu-central-1.compute.amazonaws.com",
      "type": "string"
    },
    "locust_execution_file": {
      "value": "load_test.py",
      "type": "string"
    },
    "locust_files": {
      "value": "decimal_codec.py,load_test.py,main.py,mongo_user.py,settings.py",
      "type": "string"
    },
    "locust_master_dns": {
      "value": "ec2-3-67-134-238.eu-central-1.compute.amazonaws.com",
      "type": "string"
    },
    "locust_workernodes_dns": {
      "value": [
        "ec2-3-71-38-191.eu-central-1.compute.amazonaws.com"
      ],
      "type": [
        "tuple",
        [
          "string"
        ]
      ]
    },
    "ssh_keyfile_path": {
      "value": "/Users/timo.lackmann/Downloads/timo_private.pem",
      "type": "string"
    },
    "worker_per_node": {
      "value": 8,
      "type": "number"
    }
  },
  "resources": [
    {
      "module": "module.atlasCluster",
      "mode": "managed",
      "type": "mongodbatlas_cluster",
      "name": "locust_cluster",
      "provider": "module.atlasCluster.provider[\"registry.terraform.io/mongodb/mongodbatlas\"]",
      "instances": [
        {
          "schema_version": 1,
          "attributes": {
            "advanced_configuration": [
              {
                "fail_index_key_too_long": false,
                "javascript_enabled": true,
                "minimum_enabled_tls_protocol": "TLS1_2",
                "no_table_scan": false,
                "oplog_size_mb": 0,
                "sample_refresh_interval_bi_connector": 0,
                "sample_size_bi_connector": 0
              }
            ],
            "auto_scaling_compute_enabled": false,
            "auto_scaling_compute_scale_down_enabled": false,
            "auto_scaling_disk_gb_enabled": true,
            "backing_provider_name": "",
            "backup_enabled": false,
            "bi_connector": null,
            "bi_connector_config": [
              {
                "enabled": false,
                "read_preference": "secondary"
              }
            ],
            "cloud_backup": false,
            "cluster_id": "62a00c55b802031706b02101",
            "cluster_type": "REPLICASET",
            "connection_strings": [
              {
                "aws_private_link": {
                  "vpce-000ea2a1a1eff17b5": "mongodb://pl-0-eu-central-1.dmnfx.mongodb.net:1024,pl-0-eu-central-1.dmnfx.mongodb.net:1025,pl-0-eu-central-1.dmnfx.mongodb.net:1026/?ssl=true\u0026authSource=admin\u0026replicaSet=atlas-l8e4fx-shard-0"
                },
                "aws_private_link_srv": {
                  "vpce-000ea2a1a1eff17b5": "mongodb+srv://locust-cluster-pl-0.dmnfx.mongodb.net"
                },
                "private": "",
                "private_endpoint": [
                  {
                    "connection_string": "mongodb://pl-0-eu-central-1.dmnfx.mongodb.net:1024,pl-0-eu-central-1.dmnfx.mongodb.net:1025,pl-0-eu-central-1.dmnfx.mongodb.net:1026/?ssl=true\u0026authSource=admin\u0026replicaSet=atlas-l8e4fx-shard-0",
                    "endpoints": [
                      {
                        "endpoint_id": "vpce-000ea2a1a1eff17b5",
                        "provider_name": "AWS",
                        "region": "EU_CENTRAL_1"
                      }
                    ],
                    "srv_connection_string": "mongodb+srv://locust-cluster-pl-0.dmnfx.mongodb.net",
                    "type": "MONGOD"
                  }
                ],
                "private_srv": "",
                "standard": "mongodb://locust-cluster-shard-00-00.dmnfx.mongodb.net:27017,locust-cluster-shard-00-01.dmnfx.mongodb.net:27017,locust-cluster-shard-00-02.dmnfx.mongodb.net:27017/?ssl=true\u0026authSource=admin\u0026replicaSet=atlas-l8e4fx-shard-0",
                "standard_srv": "mongodb+srv://locust-cluster.dmnfx.mongodb.net"
              }
            ],
            "container_id": "629fcfe043cdbb160e58c83c",
            "disk_size_gb": 20,
            "encryption_at_rest_provider": "NONE",
            "id": "Y2x1c3Rlcl9pZA==:NjJhMDBjNTViODAyMDMxNzA2YjAyMTAx-Y2x1c3Rlcl9uYW1l:bG9jdXN0LWNsdXN0ZXI=-cHJvamVjdF9pZA==:NWU1ODE1MDhhNjhkZjA3YWM0NGNkMDUx-cHJvdmlkZXJfbmFtZQ==:QVdT",
            "labels": [],
            "mongo_db_major_version": "5.0",
            "mongo_db_version": "5.0.8",
            "mongo_uri": "mongodb://locust-cluster-shard-00-00.dmnfx.mongodb.net:27017,locust-cluster-shard-00-01.dmnfx.mongodb.net:27017,locust-cluster-shard-00-02.dmnfx.mongodb.net:27017",
            "mongo_uri_updated": "2022-06-08T02:48:22Z",
            "mongo_uri_with_options": "mongodb://locust-cluster-shard-00-00.dmnfx.mongodb.net:27017,locust-cluster-shard-00-01.dmnfx.mongodb.net:27017,locust-cluster-shard-00-02.dmnfx.mongodb.net:27017/?ssl=true\u0026authSource=admin\u0026replicaSet=atlas-l8e4fx-shard-0",
            "name": "locust-cluster",
            "num_shards": 1,
            "paused": false,
            "pit_enabled": false,
            "project_id": "5e581508a68df07ac44cd051",
            "provider_auto_scaling_compute_max_instance_size": "",
            "provider_auto_scaling_compute_min_instance_size": "",
            "provider_backup_enabled": false,
            "provider_disk_iops": 3000,
            "provider_disk_type_name": "",
            "provider_encrypt_ebs_volume": null,
            "provider_encrypt_ebs_volume_flag": true,
            "provider_instance_size_name": "M30",
            "provider_name": "AWS",
            "provider_region_name": "EU_CENTRAL_1",
            "provider_volume_type": "STANDARD",
            "replication_factor": 3,
            "replication_specs": [
              {
                "id": "62a00c55b802031706b020ef",
                "num_shards": 1,
                "regions_config": [
                  {
                    "analytics_nodes": 0,
                    "electable_nodes": 3,
                    "priority": 7,
                    "read_only_nodes": 0,
                    "region_name": "EU_CENTRAL_1"
                  }
                ],
                "zone_name": "ZoneName managed by Terraform"
              }
            ],
            "snapshot_backup_policy": [],
            "srv_address": "mongodb+srv://locust-cluster.dmnfx.mongodb.net",
            "state_name": "IDLE"
          },
          "sensitive_attributes": [],
          "private": "eyJzY2hlbWFfdmVyc2lvbiI6IjEifQ=="
        }
      ]
    },
    {
      "module": "module.atlasCluster",
      "mode": "managed",
      "type": "mongodbatlas_database_user",
      "name": "demo-user",
      "provider": "module.atlasCluster.provider[\"registry.terraform.io/mongodb/mongodbatlas\"]",
      "instances": [
        {
          "schema_version": 0,
          "attributes": {
            "auth_database_name": "admin",
            "aws_iam_type": "NONE",
            "database_name": null,
            "id": "YXV0aF9kYXRhYmFzZV9uYW1l:YWRtaW4=-cHJvamVjdF9pZA==:NWU1ODE1MDhhNjhkZjA3YWM0NGNkMDUx-dXNlcm5hbWU=:ZGVtby11c2Vy",
            "labels": [],
            "ldap_auth_type": "NONE",
            "password": "uRhiwU5erBq4wACN",
            "project_id": "5e581508a68df07ac44cd051",
            "roles": [
              {
                "collection_name": "",
                "database_name": "admin",
                "role_name": "readWriteAnyDatabase"
              }
            ],
            "scopes": [],
            "username": "demo-user",
            "x509_type": "NONE"
          },
          "sensitive_attributes": [],
          "private": "bnVsbA==",
          "dependencies": [
            "module.atlasCluster.random_string.password"
          ]
        }
      ]
    },
    {
      "module": "module.atlasCluster",
      "mode": "managed",
      "type": "mongodbatlas_privatelink_endpoint",
      "name": "aws_endpoint",
      "provider": "module.atlasCluster.provider[\"registry.terraform.io/mongodb/mongodbatlas\"]",
      "instances": [
        {
          "schema_version": 0,
          "attributes": {
            "endpoint_service_name": "com.amazonaws.vpce.eu-central-1.vpce-svc-00c3d4744fc9601ba",
            "error_message": "",
            "id": "cHJpdmF0ZV9saW5rX2lk:NjJhMDBjNTU3OGIzOWE2OTVjZmZhZDJi-cHJvamVjdF9pZA==:NWU1ODE1MDhhNjhkZjA3YWM0NGNkMDUx-cHJvdmlkZXJfbmFtZQ==:QVdT-cmVnaW9u:ZXUtY2VudHJhbC0x",
            "interface_endpoints": [],
            "private_endpoints": [],
            "private_link_id": "62a00c5578b39a695cffad2b",
            "private_link_service_name": "",
            "private_link_service_resource_id": "",
            "project_id": "5e581508a68df07ac44cd051",
            "provider_name": "AWS",
            "region": "eu-central-1",
            "status": "AVAILABLE"
          },
          "sensitive_attributes": [],
          "private": "bnVsbA=="
        }
      ]
    },
    {
      "module": "module.atlasCluster",
      "mode": "managed",
      "type": "mongodbatlas_privatelink_endpoint_service",
      "name": "aws_endpoint_service",
      "provider": "module.atlasCluster.provider[\"registry.terraform.io/mongodb/mongodbatlas\"]",
      "instances": [
        {
          "schema_version": 0,
          "attributes": {
            "aws_connection_status": "AVAILABLE",
            "azure_status": "",
            "delete_requested": false,
            "endpoint_service_id": "vpce-000ea2a1a1eff17b5",
            "error_message": "",
            "id": "ZW5kcG9pbnRfc2VydmljZV9pZA==:dnBjZS0wMDBlYTJhMWExZWZmMTdiNQ==-cHJpdmF0ZV9saW5rX2lk:NjJhMDBjNTU3OGIzOWE2OTVjZmZhZDJi-cHJvamVjdF9pZA==:NWU1ODE1MDhhNjhkZjA3YWM0NGNkMDUx-cHJvdmlkZXJfbmFtZQ==:QVdT",
            "interface_endpoint_id": "vpce-000ea2a1a1eff17b5",
            "private_endpoint_connection_name": "",
            "private_endpoint_ip_address": "",
            "private_endpoint_resource_id": "",
            "private_link_id": "62a00c5578b39a695cffad2b",
            "project_id": "5e581508a68df07ac44cd051",
            "provider_name": "AWS"
          },
          "sensitive_attributes": [],
          "private": "bnVsbA==",
          "dependencies": [
            "module.atlasCluster.module.aws_network.aws_security_group.Locust_enpoint_Firewall",
            "module.atlasCluster.module.aws_network.aws_vpc_endpoint.aws_endpoint_service",
            "module.atlasCluster.mongodbatlas_privatelink_endpoint.aws_endpoint"
          ]
        }
      ]
    },
    {
      "module": "module.atlasCluster",
      "mode": "managed",
      "type": "random_string",
      "name": "password",
      "provider": "provider[\"registry.terraform.io/hashicorp/random\"]",
      "instances": [
        {
          "schema_version": 2,
          "attributes": {
            "id": "uRhiwU5erBq4wACN",
            "keepers": null,
            "length": 16,
            "lower": true,
            "min_lower": 0,
            "min_numeric": 0,
            "min_special": 0,
            "min_upper": 0,
            "number": true,
            "numeric": true,
            "override_special": null,
            "result": "uRhiwU5erBq4wACN",
            "special": false,
            "upper": true
          },
          "sensitive_attributes": [],
          "private": "eyJzY2hlbWFfdmVyc2lvbiI6IjIifQ=="
        }
      ]
    },
    {
      "module": "module.atlasCluster.module.aws_network",
      "mode": "managed",
      "type": "aws_security_group",
      "name": "Locust_enpoint_Firewall",
      "provider": "provider[\"registry.terraform.io/hashicorp/aws\"]",
      "instances": [
        {
          "schema_version": 1,
          "attributes": {
            "arn": "arn:aws:ec2:eu-central-1:805976340371:security-group/sg-06677de6ce818125e",
            "description": "Allow ingress for locust",
            "egress": [
              {
                "cidr_blocks": [
                  "0.0.0.0/0"
                ],
                "description": "All Ports/Protocols",
                "from_port": 0,
                "ipv6_cidr_blocks": [
                  "::/0"
                ],
                "prefix_list_ids": [],
                "protocol": "-1",
                "security_groups": [],
                "self": false,
                "to_port": 0
              }
            ],
            "id": "sg-06677de6ce818125e",
            "ingress": [
              {
                "cidr_blocks": [
                  "0.0.0.0/0"
                ],
                "description": "Private Endpoint Traffic",
                "from_port": 0,
                "ipv6_cidr_blocks": [],
                "prefix_list_ids": [],
                "protocol": "-1",
                "security_groups": [],
                "self": false,
                "to_port": 0
              }
            ],
            "name": "locust_enpoint_rule",
            "name_prefix": "",
            "owner_id": "805976340371",
            "revoke_rules_on_delete": false,
            "tags": null,
            "tags_all": {},
            "timeouts": null,
            "vpc_id": "vpc-976afafe"
          },
          "sensitive_attributes": [],
          "private": "eyJlMmJmYjczMC1lY2FhLTExZTYtOGY4OC0zNDM2M2JjN2M0YzAiOnsiY3JlYXRlIjo2MDAwMDAwMDAwMDAsImRlbGV0ZSI6OTAwMDAwMDAwMDAwfSwic2NoZW1hX3ZlcnNpb24iOiIxIn0="
        }
      ]
    },
    {
      "module": "module.atlasCluster.module.aws_network",
      "mode": "managed",
      "type": "aws_vpc_endpoint",
      "name": "aws_endpoint_service",
      "provider": "provider[\"registry.terraform.io/hashicorp/aws\"]",
      "instances": [
        {
          "schema_version": 0,
          "attributes": {
            "arn": "arn:aws:ec2:eu-central-1:805976340371:vpc-endpoint/vpce-000ea2a1a1eff17b5",
            "auto_accept": null,
            "cidr_blocks": [],
            "dns_entry": [
              {
                "dns_name": "vpce-000ea2a1a1eff17b5-brtl4tm3.vpce-svc-00c3d4744fc9601ba.eu-central-1.vpce.amazonaws.com",
                "hosted_zone_id": "Z273ZU8SZ5RJPC"
              },
              {
                "dns_name": "vpce-000ea2a1a1eff17b5-brtl4tm3-eu-central-1a.vpce-svc-00c3d4744fc9601ba.eu-central-1.vpce.amazonaws.com",
                "hosted_zone_id": "Z273ZU8SZ5RJPC"
              }
            ],
            "id": "vpce-000ea2a1a1eff17b5",
            "network_interface_ids": [
              "eni-0214df1b05067be1d"
            ],
            "owner_id": "805976340371",
            "policy": "{\"Statement\":[{\"Action\":\"*\",\"Effect\":\"Allow\",\"Principal\":\"*\",\"Resource\":\"*\"}]}",
            "prefix_list_id": null,
            "private_dns_enabled": false,
            "requester_managed": false,
            "route_table_ids": [],
            "security_group_ids": [
              "sg-06677de6ce818125e"
            ],
            "service_name": "com.amazonaws.vpce.eu-central-1.vpce-svc-00c3d4744fc9601ba",
            "state": "pendingAcceptance",
            "subnet_ids": [
              "subnet-8f523fe6"
            ],
            "tags": null,
            "tags_all": {},
            "timeouts": null,
            "vpc_endpoint_type": "Interface",
            "vpc_id": "vpc-976afafe"
          },
          "sensitive_attributes": [],
          "private": "eyJlMmJmYjczMC1lY2FhLTExZTYtOGY4OC0zNDM2M2JjN2M0YzAiOnsiY3JlYXRlIjo2MDAwMDAwMDAwMDAsImRlbGV0ZSI6NjAwMDAwMDAwMDAwLCJ1cGRhdGUiOjYwMDAwMDAwMDAwMH19",
          "dependencies": [
            "module.atlasCluster.module.aws_network.aws_security_group.Locust_enpoint_Firewall",
            "module.atlasCluster.mongodbatlas_privatelink_endpoint.aws_endpoint"
          ]
        }
      ]
    },
    {
      "module": "module.locust",
      "mode": "data",
      "type": "aws_ami",
      "name": "AWSlinux2",
      "provider": "provider[\"registry.terraform.io/hashicorp/aws\"]",
      "instances": [
        {
          "schema_version": 0,
          "attributes": {
            "architecture": "x86_64",
            "arn": "arn:aws:ec2:eu-central-1::image/ami-0453cb7b5f2b7fca2",
            "block_device_mappings": [
              {
                "device_name": "/dev/xvda",
                "ebs": {
                  "delete_on_termination": "true",
                  "encrypted": "false",
                  "iops": "0",
                  "snapshot_id": "snap-0acb15ffb55bfe9a2",
                  "throughput": "0",
                  "volume_size": "8",
                  "volume_type": "gp2"
                },
                "no_device": "",
                "virtual_name": ""
              }
            ],
            "creation_date": "2021-07-27T06:11:28.000Z",
            "description": "Amazon Linux 2 AMI 2.0.20210721.2 x86_64 HVM gp2",
            "ena_support": true,
            "executable_users": null,
            "filter": [
              {
                "name": "name",
                "values": [
                  "amzn2-ami-hvm-2.0.20210721.2-x86_64-gp2"
                ]
              }
            ],
            "hypervisor": "xen",
            "id": "ami-0453cb7b5f2b7fca2",
            "image_id": "ami-0453cb7b5f2b7fca2",
            "image_location": "amazon/amzn2-ami-hvm-2.0.20210721.2-x86_64-gp2",
            "image_owner_alias": "amazon",
            "image_type": "machine",
            "kernel_id": null,
            "most_recent": true,
            "name": "amzn2-ami-hvm-2.0.20210721.2-x86_64-gp2",
            "name_regex": null,
            "owner_id": "137112412989",
            "owners": [
              "amazon"
            ],
            "platform": null,
            "platform_details": "Linux/UNIX",
            "product_codes": [],
            "public": true,
            "ramdisk_id": null,
            "root_device_name": "/dev/xvda",
            "root_device_type": "ebs",
            "root_snapshot_id": "snap-0acb15ffb55bfe9a2",
            "sriov_net_support": "simple",
            "state": "available",
            "state_reason": {
              "code": "UNSET",
              "message": "UNSET"
            },
            "tags": {},
            "usage_operation": "RunInstances",
            "virtualization_type": "hvm"
          },
          "sensitive_attributes": []
        }
      ]
    },
    {
      "module": "module.locust",
      "mode": "managed",
      "type": "aws_instance",
      "name": "locust_main",
      "provider": "provider[\"registry.terraform.io/hashicorp/aws\"]",
      "instances": [
        {
          "schema_version": 1,
          "attributes": {
            "ami": "ami-0453cb7b5f2b7fca2",
            "arn": "arn:aws:ec2:eu-central-1:805976340371:instance/i-0204f0781d6339a6f",
            "associate_public_ip_address": true,
            "availability_zone": "eu-central-1a",
            "capacity_reservation_specification": [
              {
                "capacity_reservation_preference": "open",
                "capacity_reservation_target": []
              }
            ],
            "cpu_core_count": 1,
            "cpu_threads_per_core": 2,
            "credit_specification": [],
            "disable_api_termination": false,
            "ebs_block_device": [],
            "ebs_optimized": false,
            "enclave_options": [
              {
                "enabled": false
              }
            ],
            "ephemeral_block_device": [],
            "get_password_data": false,
            "hibernation": false,
            "host_id": null,
            "iam_instance_profile": "",
            "id": "i-0204f0781d6339a6f",
            "instance_initiated_shutdown_behavior": "stop",
            "instance_state": "running",
            "instance_type": "m5.large",
            "ipv6_address_count": 0,
            "ipv6_addresses": [],
            "key_name": "timo_private",
            "launch_template": [],
            "metadata_options": [
              {
                "http_endpoint": "enabled",
                "http_put_response_hop_limit": 1,
                "http_tokens": "optional",
                "instance_metadata_tags": "disabled"
              }
            ],
            "monitoring": false,
            "network_interface": [],
            "outpost_arn": "",
            "password_data": "",
            "placement_group": "",
            "placement_partition_number": null,
            "primary_network_interface_id": "eni-0c0911ade4834bfe3",
            "private_dns": "ip-172-31-13-181.eu-central-1.compute.internal",
            "private_ip": "172.31.13.181",
            "public_dns": "ec2-3-67-134-238.eu-central-1.compute.amazonaws.com",
            "public_ip": "3.67.134.238",
            "root_block_device": [
              {
                "delete_on_termination": true,
                "device_name": "/dev/xvda",
                "encrypted": false,
                "iops": 100,
                "kms_key_id": "",
                "tags": {},
                "throughput": 0,
                "volume_id": "vol-09a1d511854f57a3b",
                "volume_size": 8,
                "volume_type": "gp2"
              }
            ],
            "secondary_private_ips": [],
            "security_groups": [
              "LocustNodes_rule"
            ],
            "source_dest_check": true,
            "subnet_id": "subnet-8f523fe6",
            "tags": {
              "Name": "locustMaster"
            },
            "tags_all": {
              "Name": "locustMaster"
            },
            "tenancy": "default",
            "timeouts": null,
            "user_data": null,
            "user_data_base64": null,
            "volume_tags": null,
            "vpc_security_group_ids": [
              "sg-08f2e1bcac8054c9d"
            ]
          },
          "sensitive_attributes": [],
          "private": "eyJlMmJmYjczMC1lY2FhLTExZTYtOGY4OC0zNDM2M2JjN2M0YzAiOnsiY3JlYXRlIjo2MDAwMDAwMDAwMDAsImRlbGV0ZSI6MTIwMDAwMDAwMDAwMCwidXBkYXRlIjo2MDAwMDAwMDAwMDB9LCJzY2hlbWFfdmVyc2lvbiI6IjEifQ==",
          "dependencies": [
            "module.locust.aws_security_group.Locust_Firewall",
            "module.locust.data.aws_ami.AWSlinux2"
          ]
        }
      ]
    },
    {
      "module": "module.locust",
      "mode": "managed",
      "type": "aws_instance",
      "name": "locust_worker",
      "provider": "provider[\"registry.terraform.io/hashicorp/aws\"]",
      "instances": [
        {
          "index_key": 0,
          "schema_version": 1,
          "attributes": {
            "ami": "ami-0453cb7b5f2b7fca2",
            "arn": "arn:aws:ec2:eu-central-1:805976340371:instance/i-035c9e1292cabcaf9",
            "associate_public_ip_address": true,
            "availability_zone": "eu-central-1a",
            "capacity_reservation_specification": [
              {
                "capacity_reservation_preference": "open",
                "capacity_reservation_target": []
              }
            ],
            "cpu_core_count": 4,
            "cpu_threads_per_core": 2,
            "credit_specification": [],
            "disable_api_termination": false,
            "ebs_block_device": [],
            "ebs_optimized": false,
            "enclave_options": [
              {
                "enabled": false
              }
            ],
            "ephemeral_block_device": [],
            "get_password_data": false,
            "hibernation": false,
            "host_id": null,
            "iam_instance_profile": "",
            "id": "i-035c9e1292cabcaf9",
            "instance_initiated_shutdown_behavior": "stop",
            "instance_state": "running",
            "instance_type": "m5.2xlarge",
            "ipv6_address_count": 0,
            "ipv6_addresses": [],
            "key_name": "timo_private",
            "launch_template": [],
            "metadata_options": [
              {
                "http_endpoint": "enabled",
                "http_put_response_hop_limit": 1,
                "http_tokens": "optional",
                "instance_metadata_tags": "disabled"
              }
            ],
            "monitoring": false,
            "network_interface": [],
            "outpost_arn": "",
            "password_data": "",
            "placement_group": "",
            "placement_partition_number": null,
            "primary_network_interface_id": "eni-0c5af27d937cc68be",
            "private_dns": "ip-172-31-11-22.eu-central-1.compute.internal",
            "private_ip": "172.31.11.22",
            "public_dns": "ec2-3-71-38-191.eu-central-1.compute.amazonaws.com",
            "public_ip": "3.71.38.191",
            "root_block_device": [
              {
                "delete_on_termination": true,
                "device_name": "/dev/xvda",
                "encrypted": false,
                "iops": 100,
                "kms_key_id": "",
                "tags": {},
                "throughput": 0,
                "volume_id": "vol-069c653ecc95c4386",
                "volume_size": 8,
                "volume_type": "gp2"
              }
            ],
            "secondary_private_ips": [],
            "security_groups": [
              "LocustNodes_rule"
            ],
            "source_dest_check": true,
            "subnet_id": "subnet-8f523fe6",
            "tags": {
              "Name": "locust_worker"
            },
            "tags_all": {
              "Name": "locust_worker"
            },
            "tenancy": "default",
            "timeouts": null,
            "user_data": null,
            "user_data_base64": null,
            "volume_tags": null,
            "vpc_security_group_ids": [
              "sg-08f2e1bcac8054c9d"
            ]
          },
          "sensitive_attributes": [],
          "private": "eyJlMmJmYjczMC1lY2FhLTExZTYtOGY4OC0zNDM2M2JjN2M0YzAiOnsiY3JlYXRlIjo2MDAwMDAwMDAwMDAsImRlbGV0ZSI6MTIwMDAwMDAwMDAwMCwidXBkYXRlIjo2MDAwMDAwMDAwMDB9LCJzY2hlbWFfdmVyc2lvbiI6IjEifQ==",
          "dependencies": [
            "module.locust.aws_security_group.Locust_Firewall",
            "module.locust.data.aws_ami.AWSlinux2"
          ]
        }
      ]
    },
    {
      "module": "module.locust",
      "mode": "managed",
      "type": "aws_security_group",
      "name": "Locust_Firewall",
      "provider": "provider[\"registry.terraform.io/hashicorp/aws\"]",
      "instances": [
        {
          "schema_version": 1,
          "attributes": {
            "arn": "arn:aws:ec2:eu-central-1:805976340371:security-group/sg-08f2e1bcac8054c9d",
            "description": "Allow ingress for locust",
            "egress": [
              {
                "cidr_blocks": [
                  "0.0.0.0/0"
                ],
                "description": "All Ports/Protocols",
                "from_port": 0,
                "ipv6_cidr_blocks": [
                  "::/0"
                ],
                "prefix_list_ids": [],
                "protocol": "-1",
                "security_groups": [],
                "self": false,
                "to_port": 0
              }
            ],
            "id": "sg-08f2e1bcac8054c9d",
            "ingress": [
              {
                "cidr_blocks": [
                  "0.0.0.0/0"
                ],
                "description": "Locust Traffic",
                "from_port": 5557,
                "ipv6_cidr_blocks": [],
                "prefix_list_ids": [],
                "protocol": "tcp",
                "security_groups": [],
                "self": false,
                "to_port": 5557
              },
              {
                "cidr_blocks": [
                  "0.0.0.0/0"
                ],
                "description": "Locust Traffic",
                "from_port": 8089,
                "ipv6_cidr_blocks": [],
                "prefix_list_ids": [],
                "protocol": "tcp",
                "security_groups": [],
                "self": false,
                "to_port": 8089
              },
              {
                "cidr_blocks": [
                  "0.0.0.0/0"
                ],
                "description": "SSH Traffic",
                "from_port": 22,
                "ipv6_cidr_blocks": [],
                "prefix_list_ids": [],
                "protocol": "tcp",
                "security_groups": [],
                "self": false,
                "to_port": 22
              }
            ],
            "name": "LocustNodes_rule",
            "name_prefix": "",
            "owner_id": "805976340371",
            "revoke_rules_on_delete": false,
            "tags": null,
            "tags_all": {},
            "timeouts": null,
            "vpc_id": "vpc-976afafe"
          },
          "sensitive_attributes": [],
          "private": "eyJlMmJmYjczMC1lY2FhLTExZTYtOGY4OC0zNDM2M2JjN2M0YzAiOnsiY3JlYXRlIjo2MDAwMDAwMDAwMDAsImRlbGV0ZSI6OTAwMDAwMDAwMDAwfSwic2NoZW1hX3ZlcnNpb24iOiIxIn0="
        }
      ]
    }
  ]
}
